
Microsoft Visual Studio Solution File, Format Version 12.00
# Visual Studio 2015
Project("{FAE04EC0-301F-11D3-BF4B-00C04F79EFBC}") = "SurvivalDay", "SurvivalDay.csproj", "{67420496-823A-BE0E-59F1-4AB2DB9E727B}"
EndProject
Global
	GlobalSection(SolutionConfigurationPlatforms) = preSolution
		Debug|Any CPU = Debug|Any CPU
		Release|Any CPU = Release|Any CPU
	EndGlobalSection
	GlobalSection(ProjectConfigurationPlatforms) = postSolution
		{67420496-823A-BE0E-59F1-4AB2DB9E727B}.Debug|Any CPU.ActiveCfg = Debug|Any CPU
		{67420496-823A-BE0E-59F1-4AB2DB9E727B}.Debug|Any CPU.Build.0 = Debug|Any CPU
		{67420496-823A-BE0E-59F1-4AB2DB9E727B}.Release|Any CPU.ActiveCfg = Release|Any CPU
		{67420496-823A-BE0E-59F1-4AB2DB9E727B}.Release|Any CPU.Build.0 = Release|Any CPU
	EndGlobalSection
	GlobalSection(SolutionProperties) = preSolution
		HideSolutionNode = FALSE
	EndGlobalSection
EndGlobal
